// !$*UTF8*$!
{
	archiveVersion = 1;
	classes = {
	};
	objectVersion = 46;
	objects = {

/* Begin PBXBuildFile section */
		650EE8731DF7C6FE0057A742 /* main.cpp in Sources */ = {isa = PBXBuildFile; fileRef = 650EE8721DF7C6FE0057A742 /* main.cpp */; };
		650EE87B1DF7C7390057A742 /* AbsFactory_Prototype_Singleton.cpp in Sources */ = {isa = PBXBuildFile; fileRef = 650EE8791DF7C7390057A742 /* AbsFactory_Prototype_Singleton.cpp */; };
		650EE87E1DF7CC300057A742 /* Builder.cpp in Sources */ = {isa = PBXBuildFile; fileRef = 650EE87C1DF7CC300057A742 /* Builder.cpp */; };
		650EE8811DF7CCAB0057A742 /* KMP.cpp in Sources */ = {isa = PBXBuildFile; fileRef = 650EE87F1DF7CCAB0057A742 /* KMP.cpp */; };
		650EE8841DF7CFC90057A742 /* Adapter.cpp in Sources */ = {isa = PBXBuildFile; fileRef = 650EE8821DF7CFC90057A742 /* Adapter.cpp */; };
		650EE8871DFA5B0E0057A742 /* Bridge.cpp in Sources */ = {isa = PBXBuildFile; fileRef = 650EE8851DFA5B0E0057A742 /* Bridge.cpp */; };
		650EE88A1DFD0A340057A742 /* Composite.cpp in Sources */ = {isa = PBXBuildFile; fileRef = 650EE8881DFD0A340057A742 /* Composite.cpp */; };
		650EE88D1DFD30630057A742 /* Decorator.cpp in Sources */ = {isa = PBXBuildFile; fileRef = 650EE88B1DFD30630057A742 /* Decorator.cpp */; };
		650EE8901DFD3A9C0057A742 /* Facade.cpp in Sources */ = {isa = PBXBuildFile; fileRef = 650EE88E1DFD3A9C0057A742 /* Facade.cpp */; };
		650EE8931DFD47000057A742 /* Proxy.cpp in Sources */ = {isa = PBXBuildFile; fileRef = 650EE8911DFD47000057A742 /* Proxy.cpp */; };
		650EE8961DFDDD8C0057A742 /* ChainOfResponsibility.cpp in Sources */ = {isa = PBXBuildFile; fileRef = 650EE8941DFDDD8C0057A742 /* ChainOfResponsibility.cpp */; };
		650EE8991DFE192D0057A742 /* Command.cpp in Sources */ = {isa = PBXBuildFile; fileRef = 650EE8971DFE192D0057A742 /* Command.cpp */; };
		650EE8A21DFE73F10057A742 /* Observer.cpp in Sources */ = {isa = PBXBuildFile; fileRef = 650EE8A01DFE73F10057A742 /* Observer.cpp */; };
		650EE8A51DFFCE460057A742 /* State.cpp in Sources */ = {isa = PBXBuildFile; fileRef = 650EE8A31DFFCE460057A742 /* State.cpp */; };
		650EE8AB1E0112570057A742 /* Visitor.cpp in Sources */ = {isa = PBXBuildFile; fileRef = 650EE8A91E0112570057A742 /* Visitor.cpp */; };
		650EE8B01E01180B0057A742 /* Iterator.cpp in Sources */ = {isa = PBXBuildFile; fileRef = 650EE8AC1E01180B0057A742 /* Iterator.cpp */; };
		650EE8B11E01180B0057A742 /* Strategy.cpp in Sources */ = {isa = PBXBuildFile; fileRef = 650EE8AE1E01180B0057A742 /* Strategy.cpp */; };
/* End PBXBuildFile section */

/* Begin PBXCopyFilesBuildPhase section */
		650EE86D1DF7C6FE0057A742 /* CopyFiles */ = {
			isa = PBXCopyFilesBuildPhase;
			buildActionMask = 2147483647;
			dstPath = /usr/share/man/man1/;
			dstSubfolderSpec = 0;
			files = (
			);
			runOnlyForDeploymentPostprocessing = 1;
		};
/* End PBXCopyFilesBuildPhase section */

/* Begin PBXFileReference section */
		650EE86F1DF7C6FE0057A742 /* CPlusPlus-KMP-DesignPatterns-v2 */ = {isa = PBXFileReference; explicitFileType = "compiled.mach-o.executable"; includeInIndex = 0; path = "CPlusPlus-KMP-DesignPatterns-v2"; sourceTree = BUILT_PRODUCTS_DIR; };
		650EE8721DF7C6FE0057A742 /* main.cpp */ = {isa = PBXFileReference; lastKnownFileType = sourcecode.cpp.cpp; path = main.cpp; sourceTree = "<group>"; };
		650EE8791DF7C7390057A742 /* AbsFactory_Prototype_Singleton.cpp */ = {isa = PBXFileReference; fileEncoding = 4; lastKnownFileType = sourcecode.cpp.cpp; path = AbsFactory_Prototype_Singleton.cpp; sourceTree = "<group>"; };
		650EE87A1DF7C7390057A742 /* AbsFactory_Prototype_Singleton.h */ = {isa = PBXFileReference; fileEncoding = 4; lastKnownFileType = sourcecode.c.h; path = AbsFactory_Prototype_Singleton.h; sourceTree = "<group>"; };
		650EE87C1DF7CC300057A742 /* Builder.cpp */ = {isa = PBXFileReference; fileEncoding = 4; lastKnownFileType = sourcecode.cpp.cpp; path = Builder.cpp; sourceTree = "<group>"; };
		650EE87D1DF7CC300057A742 /* Builder.h */ = {isa = PBXFileReference; fileEncoding = 4; lastKnownFileType = sourcecode.c.h; path = Builder.h; sourceTree = "<group>"; };
		650EE87F1DF7CCAB0057A742 /* KMP.cpp */ = {isa = PBXFileReference; fileEncoding = 4; lastKnownFileType = sourcecode.cpp.cpp; path = KMP.cpp; sourceTree = "<group>"; };
		650EE8801DF7CCAB0057A742 /* KMP.h */ = {isa = PBXFileReference; fileEncoding = 4; lastKnownFileType = sourcecode.c.h; path = KMP.h; sourceTree = "<group>"; };
		650EE8821DF7CFC90057A742 /* Adapter.cpp */ = {isa = PBXFileReference; fileEncoding = 4; lastKnownFileType = sourcecode.cpp.cpp; path = Adapter.cpp; sourceTree = "<group>"; };
		650EE8831DF7CFC90057A742 /* Adapter.h */ = {isa = PBXFileReference; fileEncoding = 4; lastKnownFileType = sourcecode.c.h; path = Adapter.h; sourceTree = "<group>"; };
		650EE8851DFA5B0E0057A742 /* Bridge.cpp */ = {isa = PBXFileReference; fileEncoding = 4; lastKnownFileType = sourcecode.cpp.cpp; path = Bridge.cpp; sourceTree = "<group>"; };
		650EE8861DFA5B0E0057A742 /* Bridge.h */ = {isa = PBXFileReference; fileEncoding = 4; lastKnownFileType = sourcecode.c.h; path = Bridge.h; sourceTree = "<group>"; };
		650EE8881DFD0A340057A742 /* Composite.cpp */ = {isa = PBXFileReference; fileEncoding = 4; lastKnownFileType = sourcecode.cpp.cpp; path = Composite.cpp; sourceTree = "<group>"; };
		650EE8891DFD0A340057A742 /* Composite.h */ = {isa = PBXFileReference; fileEncoding = 4; lastKnownFileType = sourcecode.c.h; path = Composite.h; sourceTree = "<group>"; };
		650EE88B1DFD30630057A742 /* Decorator.cpp */ = {isa = PBXFileReference; fileEncoding = 4; lastKnownFileType = sourcecode.cpp.cpp; path = Decorator.cpp; sourceTree = "<group>"; };
		650EE88C1DFD30630057A742 /* Decorator.h */ = {isa = PBXFileReference; fileEncoding = 4; lastKnownFileType = sourcecode.c.h; path = Decorator.h; sourceTree = "<group>"; };
		650EE88E1DFD3A9C0057A742 /* Facade.cpp */ = {isa = PBXFileReference; fileEncoding = 4; lastKnownFileType = sourcecode.cpp.cpp; path = Facade.cpp; sourceTree = "<group>"; };
		650EE88F1DFD3A9C0057A742 /* Facade.h */ = {isa = PBXFileReference; fileEncoding = 4; lastKnownFileType = sourcecode.c.h; path = Facade.h; sourceTree = "<group>"; };
		650EE8911DFD47000057A742 /* Proxy.cpp */ = {isa = PBXFileReference; fileEncoding = 4; lastKnownFileType = sourcecode.cpp.cpp; path = Proxy.cpp; sourceTree = "<group>"; };
		650EE8921DFD47000057A742 /* Proxy.h */ = {isa = PBXFileReference; fileEncoding = 4; lastKnownFileType = sourcecode.c.h; path = Proxy.h; sourceTree = "<group>"; };
		650EE8941DFDDD8C0057A742 /* ChainOfResponsibility.cpp */ = {isa = PBXFileReference; fileEncoding = 4; lastKnownFileType = sourcecode.cpp.cpp; path = ChainOfResponsibility.cpp; sourceTree = "<group>"; };
		650EE8951DFDDD8C0057A742 /* ChainOfResponsibility.h */ = {isa = PBXFileReference; fileEncoding = 4; lastKnownFileType = sourcecode.c.h; path = ChainOfResponsibility.h; sourceTree = "<group>"; };
		650EE8971DFE192D0057A742 /* Command.cpp */ = {isa = PBXFileReference; fileEncoding = 4; lastKnownFileType = sourcecode.cpp.cpp; path = Command.cpp; sourceTree = "<group>"; };
		650EE8981DFE192D0057A742 /* Command.h */ = {isa = PBXFileReference; fileEncoding = 4; lastKnownFileType = sourcecode.c.h; path = Command.h; sourceTree = "<group>"; };
		650EE8A01DFE73F10057A742 /* Observer.cpp */ = {isa = PBXFileReference; fileEncoding = 4; lastKnownFileType = sourcecode.cpp.cpp; path = Observer.cpp; sourceTree = "<group>"; };
		650EE8A11DFE73F10057A742 /* Observer.h */ = {isa = PBXFileReference; fileEncoding = 4; lastKnownFileType = sourcecode.c.h; path = Observer.h; sourceTree = "<group>"; };
		650EE8A31DFFCE460057A742 /* State.cpp */ = {isa = PBXFileReference; fileEncoding = 4; lastKnownFileType = sourcecode.cpp.cpp; path = State.cpp; sourceTree = "<group>"; };
		650EE8A41DFFCE460057A742 /* State.h */ = {isa = PBXFileReference; fileEncoding = 4; lastKnownFileType = sourcecode.c.h; path = State.h; sourceTree = "<group>"; };
		650EE8A91E0112570057A742 /* Visitor.cpp */ = {isa = PBXFileReference; fileEncoding = 4; lastKnownFileType = sourcecode.cpp.cpp; path = Visitor.cpp; sourceTree = "<group>"; };
		650EE8AA1E0112570057A742 /* Visitor.h */ = {isa = PBXFileReference; fileEncoding = 4; lastKnownFileType = sourcecode.c.h; path = Visitor.h; sourceTree = "<group>"; };
		650EE8AC1E01180B0057A742 /* Iterator.cpp */ = {isa = PBXFileReference; fileEncoding = 4; lastKnownFileType = sourcecode.cpp.cpp; path = Iterator.cpp; sourceTree = "<group>"; };
		650EE8AD1E01180B0057A742 /* Iterator.h */ = {isa = PBXFileReference; fileEncoding = 4; lastKnownFileType = sourcecode.c.h; path = Iterator.h; sourceTree = "<group>"; };
		650EE8AE1E01180B0057A742 /* Strategy.cpp */ = {isa = PBXFileReference; fileEncoding = 4; lastKnownFileType = sourcecode.cpp.cpp; path = Strategy.cpp; sourceTree = "<group>"; };
		650EE8AF1E01180B0057A742 /* Strategy.h */ = {isa = PBXFileReference; fileEncoding = 4; lastKnownFileType = sourcecode.c.h; path = Strategy.h; sourceTree = "<group>"; };
/* End PBXFileReference section */

/* Begin PBXFrameworksBuildPhase section */
		650EE86C1DF7C6FE0057A742 /* Frameworks */ = {
			isa = PBXFrameworksBuildPhase;
			buildActionMask = 2147483647;
			files = (
			);
			runOnlyForDeploymentPostprocessing = 0;
		};
/* End PBXFrameworksBuildPhase section */

/* Begin PBXGroup section */
		650EE8661DF7C6FE0057A742 = {
			isa = PBXGroup;
			children = (
				650EE8711DF7C6FE0057A742 /* CPlusPlus-KMP-DesignPatterns-v2 */,
				650EE8701DF7C6FE0057A742 /* Products */,
			);
			sourceTree = "<group>";
		};
		650EE8701DF7C6FE0057A742 /* Products */ = {
			isa = PBXGroup;
			children = (
				650EE86F1DF7C6FE0057A742 /* CPlusPlus-KMP-DesignPatterns-v2 */,
			);
			name = Products;
			sourceTree = "<group>";
		};
		650EE8711DF7C6FE0057A742 /* CPlusPlus-KMP-DesignPatterns-v2 */ = {
			isa = PBXGroup;
			children = (
				650EE8721DF7C6FE0057A742 /* main.cpp */,
				650EE8AC1E01180B0057A742 /* Iterator.cpp */,
				650EE8AD1E01180B0057A742 /* Iterator.h */,
				650EE8AE1E01180B0057A742 /* Strategy.cpp */,
				650EE8AF1E01180B0057A742 /* Strategy.h */,
				650EE8A01DFE73F10057A742 /* Observer.cpp */,
				650EE8A11DFE73F10057A742 /* Observer.h */,
				650EE8971DFE192D0057A742 /* Command.cpp */,
				650EE8981DFE192D0057A742 /* Command.h */,
				650EE8941DFDDD8C0057A742 /* ChainOfResponsibility.cpp */,
				650EE8951DFDDD8C0057A742 /* ChainOfResponsibility.h */,
				650EE8911DFD47000057A742 /* Proxy.cpp */,
				650EE8921DFD47000057A742 /* Proxy.h */,
				650EE88E1DFD3A9C0057A742 /* Facade.cpp */,
				650EE88F1DFD3A9C0057A742 /* Facade.h */,
				650EE88B1DFD30630057A742 /* Decorator.cpp */,
				650EE88C1DFD30630057A742 /* Decorator.h */,
				650EE8881DFD0A340057A742 /* Composite.cpp */,
				650EE8891DFD0A340057A742 /* Composite.h */,
				650EE8821DF7CFC90057A742 /* Adapter.cpp */,
				650EE8831DF7CFC90057A742 /* Adapter.h */,
				650EE8791DF7C7390057A742 /* AbsFactory_Prototype_Singleton.cpp */,
				650EE87A1DF7C7390057A742 /* AbsFactory_Prototype_Singleton.h */,
				650EE87F1DF7CCAB0057A742 /* KMP.cpp */,
				650EE8801DF7CCAB0057A742 /* KMP.h */,
				650EE87C1DF7CC300057A742 /* Builder.cpp */,
				650EE87D1DF7CC300057A742 /* Builder.h */,
				650EE8851DFA5B0E0057A742 /* Bridge.cpp */,
				650EE8861DFA5B0E0057A742 /* Bridge.h */,
				650EE8A31DFFCE460057A742 /* State.cpp */,
				650EE8A41DFFCE460057A742 /* State.h */,
				650EE8A91E0112570057A742 /* Visitor.cpp */,
				650EE8AA1E0112570057A742 /* Visitor.h */,
			);
			path = "CPlusPlus-KMP-DesignPatterns-v2";
			sourceTree = "<group>";
		};
/* End PBXGroup section */

/* Begin PBXNativeTarget section */
		650EE86E1DF7C6FE0057A742 /* CPlusPlus-KMP-DesignPatterns-v2 */ = {
			isa = PBXNativeTarget;
			buildConfigurationList = 650EE8761DF7C6FE0057A742 /* Build configuration list for PBXNativeTarget "CPlusPlus-KMP-DesignPatterns-v2" */;
			buildPhases = (
				650EE86B1DF7C6FE0057A742 /* Sources */,
				650EE86C1DF7C6FE0057A742 /* Frameworks */,
				650EE86D1DF7C6FE0057A742 /* CopyFiles */,
			);
			buildRules = (
			);
			dependencies = (
			);
			name = "CPlusPlus-KMP-DesignPatterns-v2";
			productName = "CPlusPlus-KMP-DesignPatterns-v2";
			productReference = 650EE86F1DF7C6FE0057A742 /* CPlusPlus-KMP-DesignPatterns-v2 */;
			productType = "com.apple.product-type.tool";
		};
/* End PBXNativeTarget section */

/* Begin PBXProject section */
		650EE8671DF7C6FE0057A742 /* Project object */ = {
			isa = PBXProject;
			attributes = {
				LastUpgradeCheck = 0640;
				ORGANIZATIONNAME = "Thomas Hoinacki";
				TargetAttributes = {
					650EE86E1DF7C6FE0057A742 = {
						CreatedOnToolsVersion = 6.4;
					};
				};
			};
			buildConfigurationList = 650EE86A1DF7C6FE0057A742 /* Build configuration list for PBXProject "CPlusPlus-KMP-DesignPatterns-v2" */;
			compatibilityVersion = "Xcode 3.2";
			developmentRegion = English;
			hasScannedForEncodings = 0;
			knownRegions = (
				en,
			);
			mainGroup = 650EE8661DF7C6FE0057A742;
			productRefGroup = 650EE8701DF7C6FE0057A742 /* Products */;
			projectDirPath = "";
			projectRoot = "";
			targets = (
				650EE86E1DF7C6FE0057A742 /* CPlusPlus-KMP-DesignPatterns-v2 */,
			);
		};
/* End PBXProject section */

/* Begin PBXSourcesBuildPhase section */
		650EE86B1DF7C6FE0057A742 /* Sources */ = {
			isa = PBXSourcesBuildPhase;
			buildActionMask = 2147483647;
			files = (
				650EE8811DF7CCAB0057A742 /* KMP.cpp in Sources */,
				650EE8901DFD3A9C0057A742 /* Facade.cpp in Sources */,
				650EE8A51DFFCE460057A742 /* State.cpp in Sources */,
				650EE8931DFD47000057A742 /* Proxy.cpp in Sources */,
				650EE88D1DFD30630057A742 /* Decorator.cpp in Sources */,
				650EE87B1DF7C7390057A742 /* AbsFactory_Prototype_Singleton.cpp in Sources */,
				650EE8A21DFE73F10057A742 /* Observer.cpp in Sources */,
				650EE8AB1E0112570057A742 /* Visitor.cpp in Sources */,
				650EE8B01E01180B0057A742 /* Iterator.cpp in Sources */,
				650EE8731DF7C6FE0057A742 /* main.cpp in Sources */,
				650EE88A1DFD0A340057A742 /* Composite.cpp in Sources */,
				650EE8991DFE192D0057A742 /* Command.cpp in Sources */,
				650EE87E1DF7CC300057A742 /* Builder.cpp in Sources */,
				650EE8B11E01180B0057A742 /* Strategy.cpp in Sources */,
				650EE8871DFA5B0E0057A742 /* Bridge.cpp in Sources */,
				650EE8961DFDDD8C0057A742 /* ChainOfResponsibility.cpp in Sources */,
				650EE8841DF7CFC90057A742 /* Adapter.cpp in Sources */,
			);
			runOnlyForDeploymentPostprocessing = 0;
		};
/* End PBXSourcesBuildPhase section */

/* Begin XCBuildConfiguration section */
		650EE8741DF7C6FE0057A742 /* Debug */ = {
			isa = XCBuildConfiguration;
			buildSettings = {
				ALWAYS_SEARCH_USER_PATHS = NO;
				CLANG_CXX_LANGUAGE_STANDARD = "gnu++0x";
				CLANG_CXX_LIBRARY = "libc++";
				CLANG_ENABLE_MODULES = YES;
				CLANG_ENABLE_OBJC_ARC = YES;
				CLANG_WARN_BOOL_CONVERSION = YES;
				CLANG_WARN_CONSTANT_CONVERSION = YES;
				CLANG_WARN_DIRECT_OBJC_ISA_USAGE = YES_ERROR;
				CLANG_WARN_EMPTY_BODY = YES;
				CLANG_WARN_ENUM_CONVERSION = YES;
				CLANG_WARN_INT_CONVERSION = YES;
				CLANG_WARN_OBJC_ROOT_CLASS = YES_ERROR;
				CLANG_WARN_UNREACHABLE_CODE = YES;
				CLANG_WARN__DUPLICATE_METHOD_MATCH = YES;
				COPY_PHASE_STRIP = NO;
				DEBUG_INFORMATION_FORMAT = dwarf;
				ENABLE_STRICT_OBJC_MSGSEND = YES;
				GCC_C_LANGUAGE_STANDARD = gnu99;
				GCC_DYNAMIC_NO_PIC = NO;
				GCC_NO_COMMON_BLOCKS = YES;
				GCC_OPTIMIZATION_LEVEL = 0;
				GCC_PREPROCESSOR_DEFINITIONS = (
					"DEBUG=1",
					"$(inherited)",
				);
				GCC_SYMBOLS_PRIVATE_EXTERN = NO;
				GCC_WARN_64_TO_32_BIT_CONVERSION = YES;
				GCC_WARN_ABOUT_RETURN_TYPE = YES_ERROR;
				GCC_WARN_UNDECLARED_SELECTOR = YES;
				GCC_WARN_UNINITIALIZED_AUTOS = YES_AGGRESSIVE;
				GCC_WARN_UNUSED_FUNCTION = YES;
				GCC_WARN_UNUSED_VARIABLE = YES;
				MACOSX_DEPLOYMENT_TARGET = 10.10;
				MTL_ENABLE_DEBUG_INFO = YES;
				ONLY_ACTIVE_ARCH = YES;
				SDKROOT = macosx;
			};
			name = Debug;
		};
		650EE8751DF7C6FE0057A742 /* Release */ = {
			isa = XCBuildConfiguration;
			buildSettings = {
				ALWAYS_SEARCH_USER_PATHS = NO;
				CLANG_CXX_LANGUAGE_STANDARD = "gnu++0x";
				CLANG_CXX_LIBRARY = "libc++";
				CLANG_ENABLE_MODULES = YES;
				CLANG_ENABLE_OBJC_ARC = YES;
				CLANG_WARN_BOOL_CONVERSION = YES;
				CLANG_WARN_CONSTANT_CONVERSION = YES;
				CLANG_WARN_DIRECT_OBJC_ISA_USAGE = YES_ERROR;
				CLANG_WARN_EMPTY_BODY = YES;
				CLANG_WARN_ENUM_CONVERSION = YES;
				CLANG_WARN_INT_CONVERSION = YES;
				CLANG_WARN_OBJC_ROOT_CLASS = YES_ERROR;
				CLANG_WARN_UNREACHABLE_CODE = YES;
				CLANG_WARN__DUPLICATE_METHOD_MATCH = YES;
				COPY_PHASE_STRIP = NO;
				DEBUG_INFORMATION_FORMAT = "dwarf-with-dsym";
				ENABLE_NS_ASSERTIONS = NO;
				ENABLE_STRICT_OBJC_MSGSEND = YES;
				GCC_C_LANGUAGE_STANDARD = gnu99;
				GCC_NO_COMMON_BLOCKS = YES;
				GCC_WARN_64_TO_32_BIT_CONVERSION = YES;
				GCC_WARN_ABOUT_RETURN_TYPE = YES_ERROR;
				GCC_WARN_UNDECLARED_SELECTOR = YES;
				GCC_WARN_UNINITIALIZED_AUTOS = YES_AGGRESSIVE;
				GCC_WARN_UNUSED_FUNCTION = YES;
				GCC_WARN_UNUSED_VARIABLE = YES;
				MACOSX_DEPLOYMENT_TARGET = 10.10;
				MTL_ENABLE_DEBUG_INFO = NO;
				SDKROOT = macosx;
			};
			name = Release;
		};
		650EE8771DF7C6FE0057A742 /* Debug */ = {
			isa = XCBuildConfiguration;
			buildSettings = {
				PRODUCT_NAME = "$(TARGET_NAME)";
			};
			name = Debug;
		};
		650EE8781DF7C6FE0057A742 /* Release */ = {
			isa = XCBuildConfiguration;
			buildSettings = {
				PRODUCT_NAME = "$(TARGET_NAME)";
			};
			name = Release;
		};
/* End XCBuildConfiguration section */

/* Begin XCConfigurationList section */
		650EE86A1DF7C6FE0057A742 /* Build configuration list for PBXProject "CPlusPlus-KMP-DesignPatterns-v2" */ = {
			isa = XCConfigurationList;
			buildConfigurations = (
				650EE8741DF7C6FE0057A742 /* Debug */,
				650EE8751DF7C6FE0057A742 /* Release */,
			);
			defaultConfigurationIsVisible = 0;
			defaultConfigurationName = Release;
		};
		650EE8761DF7C6FE0057A742 /* Build configuration list for PBXNativeTarget "CPlusPlus-KMP-DesignPatterns-v2" */ = {
			isa = XCConfigurationList;
			buildConfigurations = (
				650EE8771DF7C6FE0057A742 /* Debug */,
				650EE8781DF7C6FE0057A742 /* Release */,
			);
			defaultConfigurationIsVisible = 0;
		};
/* End XCConfigurationList section */
	};
	rootObject = 650EE8671DF7C6FE0057A742 /* Project object */;
}
